
Microsoft Visual Studio Solution File, Format Version 12.00
# Visual Studio Version 16
VisualStudioVersion = 16.0.31515.178
MinimumVisualStudioVersion = 10.0.40219.1
Project("{FAE04EC0-301F-11D3-BF4B-00C04F79EFBC}") = "FastSearchNet5", "src\FastSearchNet5\FastSearchNet5.csproj", "{F24DA120-DCFC-4BEC-8840-A9722EDE4974}"
EndProject
Project("{FAE04EC0-301F-11D3-BF4B-00C04F79EFBC}") = "FastSearchNet5.TestConsole", "src\FastSearchNet5.TestConsole\FastSearchNet5.TestConsole.csproj", "{A4E7D619-25CF-42EE-BB7E-3AAF1059A7D0}"
EndProject
Global
	GlobalSection(SolutionConfigurationPlatforms) = preSolution
		Debug|Any CPU = Debug|Any CPU
		Release|Any CPU = Release|Any CPU
	EndGlobalSection
	GlobalSection(ProjectConfigurationPlatforms) = postSolution
		{F24DA120-DCFC-4BEC-8840-A9722EDE4974}.Debug|Any CPU.ActiveCfg = Debug|Any CPU
		{F24DA120-DCFC-4BEC-8840-A9722EDE4974}.Debug|Any CPU.Build.0 = Debug|Any CPU
		{F24DA120-DCFC-4BEC-8840-A9722EDE4974}.Release|Any CPU.ActiveCfg = Release|Any CPU
		{F24DA120-DCFC-4BEC-8840-A9722EDE4974}.Release|Any CPU.Build.0 = Release|Any CPU
		{A4E7D619-25CF-42EE-BB7E-3AAF1059A7D0}.Debug|Any CPU.ActiveCfg = Debug|Any CPU
		{A4E7D619-25CF-42EE-BB7E-3AAF1059A7D0}.Debug|Any CPU.Build.0 = Debug|Any CPU
		{A4E7D619-25CF-42EE-BB7E-3AAF1059A7D0}.Release|Any CPU.ActiveCfg = Release|Any CPU
		{A4E7D619-25CF-42EE-BB7E-3AAF1059A7D0}.Release|Any CPU.Build.0 = Release|Any CPU
	EndGlobalSection
	GlobalSection(SolutionProperties) = preSolution
		HideSolutionNode = FALSE
	EndGlobalSection
	GlobalSection(ExtensibilityGlobals) = postSolution
		SolutionGuid = {FBFFB750-099E-4ACD-B5B3-C79BF52C94AB}
	EndGlobalSection
EndGlobal
